// !$*UTF8*$!
{
	archiveVersion = 1;
	classes = {
	};
	objectVersion = 46;
	objects = {

/* Begin PBXBuildFile section */
		355579224A186CA76C7BFBE6 /* libPods-QLZ_JSONModel.a in Frameworks */ = {isa = PBXBuildFile; fileRef = 89E78D881E8AD1FDB7C86B70 /* libPods-QLZ_JSONModel.a */; };
		ECBF473A1D8D5CD900622CF8 /* main.m in Sources */ = {isa = PBXBuildFile; fileRef = ECBF47391D8D5CD900622CF8 /* main.m */; };
		ECBF473D1D8D5CD900622CF8 /* AppDelegate.m in Sources */ = {isa = PBXBuildFile; fileRef = ECBF473C1D8D5CD900622CF8 /* AppDelegate.m */; };
		ECBF47401D8D5CD900622CF8 /* ViewController.m in Sources */ = {isa = PBXBuildFile; fileRef = ECBF473F1D8D5CD900622CF8 /* ViewController.m */; };
		ECBF47431D8D5CD900622CF8 /* Main.storyboard in Resources */ = {isa = PBXBuildFile; fileRef = ECBF47411D8D5CD900622CF8 /* Main.storyboard */; };
		ECBF47451D8D5CD900622CF8 /* Assets.xcassets in Resources */ = {isa = PBXBuildFile; fileRef = ECBF47441D8D5CD900622CF8 /* Assets.xcassets */; };
		ECBF47481D8D5CD900622CF8 /* LaunchScreen.storyboard in Resources */ = {isa = PBXBuildFile; fileRef = ECBF47461D8D5CD900622CF8 /* LaunchScreen.storyboard */; };
		ECBF47531D8D5CD900622CF8 /* QLZ_JSONModelTests.m in Sources */ = {isa = PBXBuildFile; fileRef = ECBF47521D8D5CD900622CF8 /* QLZ_JSONModelTests.m */; };
		ECBF475E1D8D5CD900622CF8 /* QLZ_JSONModelUITests.m in Sources */ = {isa = PBXBuildFile; fileRef = ECBF475D1D8D5CD900622CF8 /* QLZ_JSONModelUITests.m */; };
		ECBF476E1D8D5D0400622CF8 /* QLZ_JSONModel.m in Sources */ = {isa = PBXBuildFile; fileRef = ECBF476D1D8D5D0400622CF8 /* QLZ_JSONModel.m */; };
		ECBF47711D8D5DE300622CF8 /* User.m in Sources */ = {isa = PBXBuildFile; fileRef = ECBF47701D8D5DE300622CF8 /* User.m */; };
/* End PBXBuildFile section */

/* Begin PBXContainerItemProxy section */
		ECBF474F1D8D5CD900622CF8 /* PBXContainerItemProxy */ = {
			isa = PBXContainerItemProxy;
			containerPortal = ECBF472D1D8D5CD900622CF8 /* Project object */;
			proxyType = 1;
			remoteGlobalIDString = ECBF47341D8D5CD900622CF8;
			remoteInfo = QLZ_JSONModel;
		};
		ECBF475A1D8D5CD900622CF8 /* PBXContainerItemProxy */ = {
			isa = PBXContainerItemProxy;
			containerPortal = ECBF472D1D8D5CD900622CF8 /* Project object */;
			proxyType = 1;
			remoteGlobalIDString = ECBF47341D8D5CD900622CF8;
			remoteInfo = QLZ_JSONModel;
		};
/* End PBXContainerItemProxy section */

/* Begin PBXFileReference section */
		032F1BAC6C7D04E4CCF7F65C /* Pods-QLZ_JSONModel.release.xcconfig */ = {isa = PBXFileReference; includeInIndex = 1; lastKnownFileType = text.xcconfig; name = "Pods-QLZ_JSONModel.release.xcconfig"; path = "Pods/Target Support Files/Pods-QLZ_JSONModel/Pods-QLZ_JSONModel.release.xcconfig"; sourceTree = "<group>"; };
		3F2854878A021A6E5EDA6403 /* Pods-QLZ_JSONModel.debug.xcconfig */ = {isa = PBXFileReference; includeInIndex = 1; lastKnownFileType = text.xcconfig; name = "Pods-QLZ_JSONModel.debug.xcconfig"; path = "Pods/Target Support Files/Pods-QLZ_JSONModel/Pods-QLZ_JSONModel.debug.xcconfig"; sourceTree = "<group>"; };
		89E78D881E8AD1FDB7C86B70 /* libPods-QLZ_JSONModel.a */ = {isa = PBXFileReference; explicitFileType = archive.ar; includeInIndex = 0; path = "libPods-QLZ_JSONModel.a"; sourceTree = BUILT_PRODUCTS_DIR; };
		ECBF47351D8D5CD900622CF8 /* QLZ_JSONModel.app */ = {isa = PBXFileReference; explicitFileType = wrapper.application; includeInIndex = 0; path = QLZ_JSONModel.app; sourceTree = BUILT_PRODUCTS_DIR; };
		ECBF47391D8D5CD900622CF8 /* main.m */ = {isa = PBXFileReference; lastKnownFileType = sourcecode.c.objc; path = main.m; sourceTree = "<group>"; };
		ECBF473B1D8D5CD900622CF8 /* AppDelegate.h */ = {isa = PBXFileReference; lastKnownFileType = sourcecode.c.h; path = AppDelegate.h; sourceTree = "<group>"; };
		ECBF473C1D8D5CD900622CF8 /* AppDelegate.m */ = {isa = PBXFileReference; lastKnownFileType = sourcecode.c.objc; path = AppDelegate.m; sourceTree = "<group>"; };
		ECBF473E1D8D5CD900622CF8 /* ViewController.h */ = {isa = PBXFileReference; lastKnownFileType = sourcecode.c.h; path = ViewController.h; sourceTree = "<group>"; };
		ECBF473F1D8D5CD900622CF8 /* ViewController.m */ = {isa = PBXFileReference; lastKnownFileType = sourcecode.c.objc; path = ViewController.m; sourceTree = "<group>"; };
		ECBF47421D8D5CD900622CF8 /* Base */ = {isa = PBXFileReference; lastKnownFileType = file.storyboard; name = Base; path = Base.lproj/Main.storyboard; sourceTree = "<group>"; };
		ECBF47441D8D5CD900622CF8 /* Assets.xcassets */ = {isa = PBXFileReference; lastKnownFileType = folder.assetcatalog; path = Assets.xcassets; sourceTree = "<group>"; };
		ECBF47471D8D5CD900622CF8 /* Base */ = {isa = PBXFileReference; lastKnownFileType = file.storyboard; name = Base; path = Base.lproj/LaunchScreen.storyboard; sourceTree = "<group>"; };
		ECBF47491D8D5CD900622CF8 /* Info.plist */ = {isa = PBXFileReference; lastKnownFileType = text.plist.xml; path = Info.plist; sourceTree = "<group>"; };
		ECBF474E1D8D5CD900622CF8 /* QLZ_JSONModelTests.xctest */ = {isa = PBXFileReference; explicitFileType = wrapper.cfbundle; includeInIndex = 0; path = QLZ_JSONModelTests.xctest; sourceTree = BUILT_PRODUCTS_DIR; };
		ECBF47521D8D5CD900622CF8 /* QLZ_JSONModelTests.m */ = {isa = PBXFileReference; lastKnownFileType = sourcecode.c.objc; path = QLZ_JSONModelTests.m; sourceTree = "<group>"; };
		ECBF47541D8D5CD900622CF8 /* Info.plist */ = {isa = PBXFileReference; lastKnownFileType = text.plist.xml; path = Info.plist; sourceTree = "<group>"; };
		ECBF47591D8D5CD900622CF8 /* QLZ_JSONModelUITests.xctest */ = {isa = PBXFileReference; explicitFileType = wrapper.cfbundle; includeInIndex = 0; path = QLZ_JSONModelUITests.xctest; sourceTree = BUILT_PRODUCTS_DIR; };
		ECBF475D1D8D5CD900622CF8 /* QLZ_JSONModelUITests.m */ = {isa = PBXFileReference; lastKnownFileType = sourcecode.c.objc; path = QLZ_JSONModelUITests.m; sourceTree = "<group>"; };
		ECBF475F1D8D5CD900622CF8 /* Info.plist */ = {isa = PBXFileReference; lastKnownFileType = text.plist.xml; path = Info.plist; sourceTree = "<group>"; };
		ECBF476C1D8D5D0400622CF8 /* QLZ_JSONModel.h */ = {isa = PBXFileReference; fileEncoding = 4; lastKnownFileType = sourcecode.c.h; path = QLZ_JSONModel.h; sourceTree = "<group>"; };
		ECBF476D1D8D5D0400622CF8 /* QLZ_JSONModel.m */ = {isa = PBXFileReference; fileEncoding = 4; lastKnownFileType = sourcecode.c.objc; path = QLZ_JSONModel.m; sourceTree = "<group>"; };
		ECBF476F1D8D5DE300622CF8 /* User.h */ = {isa = PBXFileReference; fileEncoding = 4; lastKnownFileType = sourcecode.c.h; path = User.h; sourceTree = "<group>"; };
		ECBF47701D8D5DE300622CF8 /* User.m */ = {isa = PBXFileReference; fileEncoding = 4; lastKnownFileType = sourcecode.c.objc; path = User.m; sourceTree = "<group>"; };
/* End PBXFileReference section */

/* Begin PBXFrameworksBuildPhase section */
		ECBF47321D8D5CD900622CF8 /* Frameworks */ = {
			isa = PBXFrameworksBuildPhase;
			buildActionMask = 2147483647;
			files = (
				355579224A186CA76C7BFBE6 /* libPods-QLZ_JSONModel.a in Frameworks */,
			);
			runOnlyForDeploymentPostprocessing = 0;
		};
		ECBF474B1D8D5CD900622CF8 /* Frameworks */ = {
			isa = PBXFrameworksBuildPhase;
			buildActionMask = 2147483647;
			files = (
			);
			runOnlyForDeploymentPostprocessing = 0;
		};
		ECBF47561D8D5CD900622CF8 /* Frameworks */ = {
			isa = PBXFrameworksBuildPhase;
			buildActionMask = 2147483647;
			files = (
			);
			runOnlyForDeploymentPostprocessing = 0;
		};
/* End PBXFrameworksBuildPhase section */

/* Begin PBXGroup section */
		0706E9C8D080992E418DF497 /* Frameworks */ = {
			isa = PBXGroup;
			children = (
				89E78D881E8AD1FDB7C86B70 /* libPods-QLZ_JSONModel.a */,
			);
			name = Frameworks;
			sourceTree = "<group>";
		};
		0DBEF07AE8A22E94A8DD48C3 /* Pods */ = {
			isa = PBXGroup;
			children = (
				3F2854878A021A6E5EDA6403 /* Pods-QLZ_JSONModel.debug.xcconfig */,
				032F1BAC6C7D04E4CCF7F65C /* Pods-QLZ_JSONModel.release.xcconfig */,
			);
			name = Pods;
			sourceTree = "<group>";
		};
		ECBF472C1D8D5CD900622CF8 = {
			isa = PBXGroup;
			children = (
				ECBF47371D8D5CD900622CF8 /* QLZ_JSONModel */,
				ECBF47511D8D5CD900622CF8 /* QLZ_JSONModelTests */,
				ECBF475C1D8D5CD900622CF8 /* QLZ_JSONModelUITests */,
				ECBF47361D8D5CD900622CF8 /* Products */,
				0DBEF07AE8A22E94A8DD48C3 /* Pods */,
				0706E9C8D080992E418DF497 /* Frameworks */,
			);
			sourceTree = "<group>";
		};
		ECBF47361D8D5CD900622CF8 /* Products */ = {
			isa = PBXGroup;
			children = (
				ECBF47351D8D5CD900622CF8 /* QLZ_JSONModel.app */,
				ECBF474E1D8D5CD900622CF8 /* QLZ_JSONModelTests.xctest */,
				ECBF47591D8D5CD900622CF8 /* QLZ_JSONModelUITests.xctest */,
			);
			name = Products;
			sourceTree = "<group>";
		};
		ECBF47371D8D5CD900622CF8 /* QLZ_JSONModel */ = {
			isa = PBXGroup;
			children = (
				ECBF473B1D8D5CD900622CF8 /* AppDelegate.h */,
				ECBF473C1D8D5CD900622CF8 /* AppDelegate.m */,
				ECBF473E1D8D5CD900622CF8 /* ViewController.h */,
				ECBF473F1D8D5CD900622CF8 /* ViewController.m */,
				ECBF476F1D8D5DE300622CF8 /* User.h */,
				ECBF47701D8D5DE300622CF8 /* User.m */,
				ECBF476B1D8D5CF300622CF8 /* JSONModel */,
				ECBF47411D8D5CD900622CF8 /* Main.storyboard */,
				ECBF47441D8D5CD900622CF8 /* Assets.xcassets */,
				ECBF47461D8D5CD900622CF8 /* LaunchScreen.storyboard */,
				ECBF47491D8D5CD900622CF8 /* Info.plist */,
				ECBF47381D8D5CD900622CF8 /* Supporting Files */,
			);
			path = QLZ_JSONModel;
			sourceTree = "<group>";
		};
		ECBF47381D8D5CD900622CF8 /* Supporting Files */ = {
			isa = PBXGroup;
			children = (
				ECBF47391D8D5CD900622CF8 /* main.m */,
			);
			name = "Supporting Files";
			sourceTree = "<group>";
		};
		ECBF47511D8D5CD900622CF8 /* QLZ_JSONModelTests */ = {
			isa = PBXGroup;
			children = (
				ECBF47521D8D5CD900622CF8 /* QLZ_JSONModelTests.m */,
				ECBF47541D8D5CD900622CF8 /* Info.plist */,
			);
			path = QLZ_JSONModelTests;
			sourceTree = "<group>";
		};
		ECBF475C1D8D5CD900622CF8 /* QLZ_JSONModelUITests */ = {
			isa = PBXGroup;
			children = (
				ECBF475D1D8D5CD900622CF8 /* QLZ_JSONModelUITests.m */,
				ECBF475F1D8D5CD900622CF8 /* Info.plist */,
			);
			path = QLZ_JSONModelUITests;
			sourceTree = "<group>";
		};
		ECBF476B1D8D5CF300622CF8 /* JSONModel */ = {
			isa = PBXGroup;
			children = (
				ECBF476C1D8D5D0400622CF8 /* QLZ_JSONModel.h */,
				ECBF476D1D8D5D0400622CF8 /* QLZ_JSONModel.m */,
			);
			path = JSONModel;
			sourceTree = "<group>";
		};
/* End PBXGroup section */

/* Begin PBXNativeTarget section */
		ECBF47341D8D5CD900622CF8 /* QLZ_JSONModel */ = {
			isa = PBXNativeTarget;
			buildConfigurationList = ECBF47621D8D5CD900622CF8 /* Build configuration list for PBXNativeTarget "QLZ_JSONModel" */;
			buildPhases = (
				C8CA20FA1763C1CDD4E6C7F8 /* [CP] Check Pods Manifest.lock */,
				ECBF47311D8D5CD900622CF8 /* Sources */,
				ECBF47321D8D5CD900622CF8 /* Frameworks */,
				ECBF47331D8D5CD900622CF8 /* Resources */,
				F156EBAE64B8FC70DBEF87A4 /* [CP] Embed Pods Frameworks */,
				16A22ADD7E99EDB3A0F519DF /* [CP] Copy Pods Resources */,
			);
			buildRules = (
			);
			dependencies = (
			);
			name = QLZ_JSONModel;
			productName = QLZ_JSONModel;
			productReference = ECBF47351D8D5CD900622CF8 /* QLZ_JSONModel.app */;
			productType = "com.apple.product-type.application";
		};
		ECBF474D1D8D5CD900622CF8 /* QLZ_JSONModelTests */ = {
			isa = PBXNativeTarget;
			buildConfigurationList = ECBF47651D8D5CD900622CF8 /* Build configuration list for PBXNativeTarget "QLZ_JSONModelTests" */;
			buildPhases = (
				ECBF474A1D8D5CD900622CF8 /* Sources */,
				ECBF474B1D8D5CD900622CF8 /* Frameworks */,
				ECBF474C1D8D5CD900622CF8 /* Resources */,
			);
			buildRules = (
			);
			dependencies = (
				ECBF47501D8D5CD900622CF8 /* PBXTargetDependency */,
			);
			name = QLZ_JSONModelTests;
			productName = QLZ_JSONModelTests;
			productReference = ECBF474E1D8D5CD900622CF8 /* QLZ_JSONModelTests.xctest */;
			productType = "com.apple.product-type.bundle.unit-test";
		};
		ECBF47581D8D5CD900622CF8 /* QLZ_JSONModelUITests */ = {
			isa = PBXNativeTarget;
			buildConfigurationList = ECBF47681D8D5CD900622CF8 /* Build configuration list for PBXNativeTarget "QLZ_JSONModelUITests" */;
			buildPhases = (
				ECBF47551D8D5CD900622CF8 /* Sources */,
				ECBF47561D8D5CD900622CF8 /* Frameworks */,
				ECBF47571D8D5CD900622CF8 /* Resources */,
			);
			buildRules = (
			);
			dependencies = (
				ECBF475B1D8D5CD900622CF8 /* PBXTargetDependency */,
			);
			name = QLZ_JSONModelUITests;
			productName = QLZ_JSONModelUITests;
			productReference = ECBF47591D8D5CD900622CF8 /* QLZ_JSONModelUITests.xctest */;
			productType = "com.apple.product-type.bundle.ui-testing";
		};
/* End PBXNativeTarget section */

/* Begin PBXProject section */
		ECBF472D1D8D5CD900622CF8 /* Project object */ = {
			isa = PBXProject;
			attributes = {
				LastUpgradeCheck = 0800;
				ORGANIZATIONNAME = "张庆龙";
				TargetAttributes = {
					ECBF47341D8D5CD900622CF8 = {
						CreatedOnToolsVersion = 8.0;
						DevelopmentTeam = Z2XRR99ZBF;
						ProvisioningStyle = Automatic;
					};
					ECBF474D1D8D5CD900622CF8 = {
						CreatedOnToolsVersion = 8.0;
						ProvisioningStyle = Automatic;
						TestTargetID = ECBF47341D8D5CD900622CF8;
					};
					ECBF47581D8D5CD900622CF8 = {
						CreatedOnToolsVersion = 8.0;
						ProvisioningStyle = Automatic;
						TestTargetID = ECBF47341D8D5CD900622CF8;
					};
				};
			};
			buildConfigurationList = ECBF47301D8D5CD900622CF8 /* Build configuration list for PBXProject "QLZ_JSONModel" */;
			compatibilityVersion = "Xcode 3.2";
			developmentRegion = English;
			hasScannedForEncodings = 0;
			knownRegions = (
				en,
				Base,
			);
			mainGroup = ECBF472C1D8D5CD900622CF8;
			productRefGroup = ECBF47361D8D5CD900622CF8 /* Products */;
			projectDirPath = "";
			projectRoot = "";
			targets = (
				ECBF47341D8D5CD900622CF8 /* QLZ_JSONModel */,
				ECBF474D1D8D5CD900622CF8 /* QLZ_JSONModelTests */,
				ECBF47581D8D5CD900622CF8 /* QLZ_JSONModelUITests */,
			);
		};
/* End PBXProject section */

/* Begin PBXResourcesBuildPhase section */
		ECBF47331D8D5CD900622CF8 /* Resources */ = {
			isa = PBXResourcesBuildPhase;
			buildActionMask = 2147483647;
			files = (
				ECBF47481D8D5CD900622CF8 /* LaunchScreen.storyboard in Resources */,
				ECBF47451D8D5CD900622CF8 /* Assets.xcassets in Resources */,
				ECBF47431D8D5CD900622CF8 /* Main.storyboard in Resources */,
			);
			runOnlyForDeploymentPostprocessing = 0;
		};
		ECBF474C1D8D5CD900622CF8 /* Resources */ = {
			isa = PBXResourcesBuildPhase;
			buildActionMask = 2147483647;
			files = (
			);
			runOnlyForDeploymentPostprocessing = 0;
		};
		ECBF47571D8D5CD900622CF8 /* Resources */ = {
			isa = PBXResourcesBuildPhase;
			buildActionMask = 2147483647;
			files = (
			);
			runOnlyForDeploymentPostprocessing = 0;
		};
/* End PBXResourcesBuildPhase section */

/* Begin PBXShellScriptBuildPhase section */
		16A22ADD7E99EDB3A0F519DF /* [CP] Copy Pods Resources */ = {
			isa = PBXShellScriptBuildPhase;
			buildActionMask = 2147483647;
			files = (
			);
			inputPaths = (
			);
			name = "[CP] Copy Pods Resources";
			outputPaths = (
			);
			runOnlyForDeploymentPostprocessing = 0;
			shellPath = /bin/sh;
			shellScript = "\"${SRCROOT}/Pods/Target Support Files/Pods-QLZ_JSONModel/Pods-QLZ_JSONModel-resources.sh\"\n";
			showEnvVarsInLog = 0;
		};
		C8CA20FA1763C1CDD4E6C7F8 /* [CP] Check Pods Manifest.lock */ = {
			isa = PBXShellScriptBuildPhase;
			buildActionMask = 2147483647;
			files = (
			);
			inputPaths = (
			);
			name = "[CP] Check Pods Manifest.lock";
			outputPaths = (
			);
			runOnlyForDeploymentPostprocessing = 0;
			shellPath = /bin/sh;
			shellScript = "diff \"${PODS_ROOT}/../Podfile.lock\" \"${PODS_ROOT}/Manifest.lock\" > /dev/null\nif [[ $? != 0 ]] ; then\n    cat << EOM\nerror: The sandbox is not in sync with the Podfile.lock. Run 'pod install' or update your CocoaPods installation.\nEOM\n    exit 1\nfi\n";
			showEnvVarsInLog = 0;
		};
		F156EBAE64B8FC70DBEF87A4 /* [CP] Embed Pods Frameworks */ = {
			isa = PBXShellScriptBuildPhase;
			buildActionMask = 2147483647;
			files = (
			);
			inputPaths = (
			);
			name = "[CP] Embed Pods Frameworks";
			outputPaths = (
			);
			runOnlyForDeploymentPostprocessing = 0;
			shellPath = /bin/sh;
			shellScript = "\"${SRCROOT}/Pods/Target Support Files/Pods-QLZ_JSONModel/Pods-QLZ_JSONModel-frameworks.sh\"\n";
			showEnvVarsInLog = 0;
		};
/* End PBXShellScriptBuildPhase section */

/* Begin PBXSourcesBuildPhase section */
		ECBF47311D8D5CD900622CF8 /* Sources */ = {
			isa = PBXSourcesBuildPhase;
			buildActionMask = 2147483647;
			files = (
				ECBF47711D8D5DE300622CF8 /* User.m in Sources */,
				ECBF47401D8D5CD900622CF8 /* ViewController.m in Sources */,
				ECBF476E1D8D5D0400622CF8 /* QLZ_JSONModel.m in Sources */,
				ECBF473D1D8D5CD900622CF8 /* AppDelegate.m in Sources */,
				ECBF473A1D8D5CD900622CF8 /* main.m in Sources */,
			);
			runOnlyForDeploymentPostprocessing = 0;
		};
		ECBF474A1D8D5CD900622CF8 /* Sources */ = {
			isa = PBXSourcesBuildPhase;
			buildActionMask = 2147483647;
			files = (
				ECBF47531D8D5CD900622CF8 /* QLZ_JSONModelTests.m in Sources */,
			);
			runOnlyForDeploymentPostprocessing = 0;
		};
		ECBF47551D8D5CD900622CF8 /* Sources */ = {
			isa = PBXSourcesBuildPhase;
			buildActionMask = 2147483647;
			files = (
				ECBF475E1D8D5CD900622CF8 /* QLZ_JSONModelUITests.m in Sources */,
			);
			runOnlyForDeploymentPostprocessing = 0;
		};
/* End PBXSourcesBuildPhase section */

/* Begin PBXTargetDependency section */
		ECBF47501D8D5CD900622CF8 /* PBXTargetDependency */ = {
			isa = PBXTargetDependency;
			target = ECBF47341D8D5CD900622CF8 /* QLZ_JSONModel */;
			targetProxy = ECBF474F1D8D5CD900622CF8 /* PBXContainerItemProxy */;
		};
		ECBF475B1D8D5CD900622CF8 /* PBXTargetDependency */ = {
			isa = PBXTargetDependency;
			target = ECBF47341D8D5CD900622CF8 /* QLZ_JSONModel */;
			targetProxy = ECBF475A1D8D5CD900622CF8 /* PBXContainerItemProxy */;
		};
/* End PBXTargetDependency section */

/* Begin PBXVariantGroup section */
		ECBF47411D8D5CD900622CF8 /* Main.storyboard */ = {
			isa = PBXVariantGroup;
			children = (
				ECBF47421D8D5CD900622CF8 /* Base */,
			);
			name = Main.storyboard;
			sourceTree = "<group>";
		};
		ECBF47461D8D5CD900622CF8 /* LaunchScreen.storyboard */ = {
			isa = PBXVariantGroup;
			children = (
				ECBF47471D8D5CD900622CF8 /* Base */,
			);
			name = LaunchScreen.storyboard;
			sourceTree = "<group>";
		};
/* End PBXVariantGroup section */

/* Begin XCBuildConfiguration section */
		ECBF47601D8D5CD900622CF8 /* Debug */ = {
			isa = XCBuildConfiguration;
			buildSettings = {
				ALWAYS_SEARCH_USER_PATHS = NO;
				CLANG_ANALYZER_NONNULL = YES;
				CLANG_CXX_LANGUAGE_STANDARD = "gnu++0x";
				CLANG_CXX_LIBRARY = "libc++";
				CLANG_ENABLE_MODULES = YES;
				CLANG_ENABLE_OBJC_ARC = YES;
				CLANG_WARN_BOOL_CONVERSION = YES;
				CLANG_WARN_CONSTANT_CONVERSION = YES;
				CLANG_WARN_DIRECT_OBJC_ISA_USAGE = YES_ERROR;
				CLANG_WARN_DOCUMENTATION_COMMENTS = YES;
				CLANG_WARN_EMPTY_BODY = YES;
				CLANG_WARN_ENUM_CONVERSION = YES;
				CLANG_WARN_INFINITE_RECURSION = YES;
				CLANG_WARN_INT_CONVERSION = YES;
				CLANG_WARN_OBJC_ROOT_CLASS = YES_ERROR;
				CLANG_WARN_SUSPICIOUS_MOVE = YES;
				CLANG_WARN_SUSPICIOUS_MOVES = YES;
				CLANG_WARN_UNREACHABLE_CODE = YES;
				CLANG_WARN__DUPLICATE_METHOD_MATCH = YES;
				"CODE_SIGN_IDENTITY[sdk=iphoneos*]" = "iPhone Developer";
				COPY_PHASE_STRIP = NO;
				DEBUG_INFORMATION_FORMAT = dwarf;
				ENABLE_STRICT_OBJC_MSGSEND = YES;
				ENABLE_TESTABILITY = YES;
				GCC_C_LANGUAGE_STANDARD = gnu99;
				GCC_DYNAMIC_NO_PIC = NO;
				GCC_NO_COMMON_BLOCKS = YES;
				GCC_OPTIMIZATION_LEVEL = 0;
				GCC_PREPROCESSOR_DEFINITIONS = (
					"DEBUG=1",
					"$(inherited)",
				);
				GCC_WARN_64_TO_32_BIT_CONVERSION = YES;
				GCC_WARN_ABOUT_RETURN_TYPE = YES_ERROR;
				GCC_WARN_UNDECLARED_SELECTOR = YES;
				GCC_WARN_UNINITIALIZED_AUTOS = YES_AGGRESSIVE;
				GCC_WARN_UNUSED_FUNCTION = YES;
				GCC_WARN_UNUSED_VARIABLE = YES;
				IPHONEOS_DEPLOYMENT_TARGET = 10.0;
				MTL_ENABLE_DEBUG_INFO = YES;
				ONLY_ACTIVE_ARCH = YES;
				SDKROOT = iphoneos;
				TARGETED_DEVICE_FAMILY = "1,2";
			};
			name = Debug;
		};
		ECBF47611D8D5CD900622CF8 /* Release */ = {
			isa = XCBuildConfiguration;
			buildSettings = {
				ALWAYS_SEARCH_USER_PATHS = NO;
				CLANG_ANALYZER_NONNULL = YES;
				CLANG_CXX_LANGUAGE_STANDARD = "gnu++0x";
				CLANG_CXX_LIBRARY = "libc++";
				CLANG_ENABLE_MODULES = YES;
				CLANG_ENABLE_OBJC_ARC = YES;
				CLANG_WARN_BOOL_CONVERSION = YES;
				CLANG_WARN_CONSTANT_CONVERSION = YES;
				CLANG_WARN_DIRECT_OBJC_ISA_USAGE = YES_ERROR;
				CLANG_WARN_DOCUMENTATION_COMMENTS = YES;
				CLANG_WARN_EMPTY_BODY = YES;
				CLANG_WARN_ENUM_CONVERSION = YES;
				CLANG_WARN_INFINITE_RECURSION = YES;
				CLANG_WARN_INT_CONVERSION = YES;
				CLANG_WARN_OBJC_ROOT_CLASS = YES_ERROR;
				CLANG_WARN_SUSPICIOUS_MOVE = YES;
				CLANG_WARN_SUSPICIOUS_MOVES = YES;
				CLANG_WARN_UNREACHABLE_CODE = YES;
				CLANG_WARN__DUPLICATE_METHOD_MATCH = YES;
				"CODE_SIGN_IDENTITY[sdk=iphoneos*]" = "iPhone Developer";
				COPY_PHASE_STRIP = NO;
				DEBUG_INFORMATION_FORMAT = "dwarf-with-dsym";
				ENABLE_NS_ASSERTIONS = NO;
				ENABLE_STRICT_OBJC_MSGSEND = YES;
				GCC_C_LANGUAGE_STANDARD = gnu99;
				GCC_NO_COMMON_BLOCKS = YES;
				GCC_WARN_64_TO_32_BIT_CONVERSION = YES;
				GCC_WARN_ABOUT_RETURN_TYPE = YES_ERROR;
				GCC_WARN_UNDECLARED_SELECTOR = YES;
				GCC_WARN_UNINITIALIZED_AUTOS = YES_AGGRESSIVE;
				GCC_WARN_UNUSED_FUNCTION = YES;
				GCC_WARN_UNUSED_VARIABLE = YES;
				IPHONEOS_DEPLOYMENT_TARGET = 10.0;
				MTL_ENABLE_DEBUG_INFO = NO;
				SDKROOT = iphoneos;
				TARGETED_DEVICE_FAMILY = "1,2";
				VALIDATE_PRODUCT = YES;
			};
			name = Release;
		};
		ECBF47631D8D5CD900622CF8 /* Debug */ = {
			isa = XCBuildConfiguration;
			baseConfigurationReference = 3F2854878A021A6E5EDA6403 /* Pods-QLZ_JSONModel.debug.xcconfig */;
			buildSettings = {
				ASSETCATALOG_COMPILER_APPICON_NAME = AppIcon;
				DEVELOPMENT_TEAM = Z2XRR99ZBF;
				INFOPLIST_FILE = QLZ_JSONModel/Info.plist;
				IPHONEOS_DEPLOYMENT_TARGET = 8.0;
				LD_RUNPATH_SEARCH_PATHS = "$(inherited) @executable_path/Frameworks";
				PRODUCT_BUNDLE_IDENTIFIER = com.qlzJSONModel;
				PRODUCT_NAME = "$(TARGET_NAME)";
			};
			name = Debug;
		};
		ECBF47641D8D5CD900622CF8 /* Release */ = {
			isa = XCBuildConfiguration;
			baseConfigurationReference = 032F1BAC6C7D04E4CCF7F65C /* Pods-QLZ_JSONModel.release.xcconfig */;
			buildSettings = {
				ASSETCATALOG_COMPILER_APPICON_NAME = AppIcon;
				DEVELOPMENT_TEAM = Z2XRR99ZBF;
				INFOPLIST_FILE = QLZ_JSONModel/Info.plist;
				IPHONEOS_DEPLOYMENT_TARGET = 8.0;
				LD_RUNPATH_SEARCH_PATHS = "$(inherited) @executable_path/Frameworks";
				PRODUCT_BUNDLE_IDENTIFIER = com.qlzJSONModel;
				PRODUCT_NAME = "$(TARGET_NAME)";
			};
			name = Release;
		};
		ECBF47661D8D5CD900622CF8 /* Debug */ = {
			isa = XCBuildConfiguration;
			buildSettings = {
				BUNDLE_LOADER = "$(TEST_HOST)";
				INFOPLIST_FILE = QLZ_JSONModelTests/Info.plist;
				LD_RUNPATH_SEARCH_PATHS = "$(inherited) @executable_path/Frameworks @loader_path/Frameworks";
				PRODUCT_BUNDLE_IDENTIFIER = "QLZ-.QLZ-JSONModelTests";
				PRODUCT_NAME = "$(TARGET_NAME)";
				TEST_HOST = "$(BUILT_PRODUCTS_DIR)/QLZ_JSONModel.app/QLZ_JSONModel";
			};
			name = Debug;
		};
		ECBF47671D8D5CD900622CF8 /* Release */ = {
			isa = XCBuildConfiguration;
			buildSettings = {
				BUNDLE_LOADER = "$(TEST_HOST)";
				INFOPLIST_FILE = QLZ_JSONModelTests/Info.plist;
				LD_RUNPATH_SEARCH_PATHS = "$(inherited) @executable_path/Frameworks @loader_path/Frameworks";
				PRODUCT_BUNDLE_IDENTIFIER = "QLZ-.QLZ-JSONModelTests";
				PRODUCT_NAME = "$(TARGET_NAME)";
				TEST_HOST = "$(BUILT_PRODUCTS_DIR)/QLZ_JSONModel.app/QLZ_JSONModel";
			};
			name = Release;
		};
		ECBF47691D8D5CD900622CF8 /* Debug */ = {
			isa = XCBuildConfiguration;
			buildSettings = {
				INFOPLIST_FILE = QLZ_JSONModelUITests/Info.plist;
				LD_RUNPATH_SEARCH_PATHS = "$(inherited) @executable_path/Frameworks @loader_path/Frameworks";
				PRODUCT_BUNDLE_IDENTIFIER = "QLZ-.QLZ-JSONModelUITests";
				PRODUCT_NAME = "$(TARGET_NAME)";
				TEST_TARGET_NAME = QLZ_JSONModel;
			};
			name = Debug;
		};
		ECBF476A1D8D5CD900622CF8 /* Release */ = {
			isa = XCBuildConfiguration;
			buildSettings = {
				INFOPLIST_FILE = QLZ_JSONModelUITests/Info.plist;
				LD_RUNPATH_SEARCH_PATHS = "$(inherited) @executable_path/Frameworks @loader_path/Frameworks";
				PRODUCT_BUNDLE_IDENTIFIER = "QLZ-.QLZ-JSONModelUITests";
				PRODUCT_NAME = "$(TARGET_NAME)";
				TEST_TARGET_NAME = QLZ_JSONModel;
			};
			name = Release;
		};
/* End XCBuildConfiguration section */

/* Begin XCConfigurationList section */
		ECBF47301D8D5CD900622CF8 /* Build configuration list for PBXProject "QLZ_JSONModel" */ = {
			isa = XCConfigurationList;
			buildConfigurations = (
				ECBF47601D8D5CD900622CF8 /* Debug */,
				ECBF47611D8D5CD900622CF8 /* Release */,
			);
			defaultConfigurationIsVisible = 0;
			defaultConfigurationName = Release;
		};
		ECBF47621D8D5CD900622CF8 /* Build configuration list for PBXNativeTarget "QLZ_JSONModel" */ = {
			isa = XCConfigurationList;
			buildConfigurations = (
				ECBF47631D8D5CD900622CF8 /* Debug */,
				ECBF47641D8D5CD900622CF8 /* Release */,
			);
			defaultConfigurationIsVisible = 0;
			defaultConfigurationName = Release;
		};
		ECBF47651D8D5CD900622CF8 /* Build configuration list for PBXNativeTarget "QLZ_JSONModelTests" */ = {
			isa = XCConfigurationList;
			buildConfigurations = (
				ECBF47661D8D5CD900622CF8 /* Debug */,
				ECBF47671D8D5CD900622CF8 /* Release */,
			);
			defaultConfigurationIsVisible = 0;
			defaultConfigurationName = Release;
		};
		ECBF47681D8D5CD900622CF8 /* Build configuration list for PBXNativeTarget "QLZ_JSONModelUITests" */ = {
			isa = XCConfigurationList;
			buildConfigurations = (
				ECBF47691D8D5CD900622CF8 /* Debug */,
				ECBF476A1D8D5CD900622CF8 /* Release */,
			);
			defaultConfigurationIsVisible = 0;
			defaultConfigurationName = Release;
		};
/* End XCConfigurationList section */
	};
	rootObject = ECBF472D1D8D5CD900622CF8 /* Project object */;
}
